
Microsoft Visual Studio Solution File, Format Version 12.00
# Visual Studio Version 17
VisualStudioVersion = 17.1.32328.378
MinimumVisualStudioVersion = 10.0.40219.1
Project("{FAE04EC0-301F-11D3-BF4B-00C04F79EFBC}") = "CadsatroCaminhoes", "CadsatroCaminhoes.csproj", "{E40CC70D-3DE2-4728-86EB-EF84F4941576}"
EndProject
Global
	GlobalSection(SolutionConfigurationPlatforms) = preSolution
		Debug|Any CPU = Debug|Any CPU
		Release|Any CPU = Release|Any CPU
	EndGlobalSection
	GlobalSection(ProjectConfigurationPlatforms) = postSolution
		{E40CC70D-3DE2-4728-86EB-EF84F4941576}.Debug|Any CPU.ActiveCfg = Debug|Any CPU
		{E40CC70D-3DE2-4728-86EB-EF84F4941576}.Debug|Any CPU.Build.0 = Debug|Any CPU
		{E40CC70D-3DE2-4728-86EB-EF84F4941576}.Release|Any CPU.ActiveCfg = Release|Any CPU
		{E40CC70D-3DE2-4728-86EB-EF84F4941576}.Release|Any CPU.Build.0 = Release|Any CPU
	EndGlobalSection
	GlobalSection(SolutionProperties) = preSolution
		HideSolutionNode = FALSE
	EndGlobalSection
	GlobalSection(ExtensibilityGlobals) = postSolution
		SolutionGuid = {6FC90F86-A0F3-487D-9BAD-D9DF7055814E}
	EndGlobalSection
EndGlobal
